
Microsoft Visual Studio Solution File, Format Version 12.00
# Visual Studio 15
VisualStudioVersion = 15.0.27004.2008
MinimumVisualStudioVersion = 10.0.40219.1
Project("{9A19103F-16F7-4668-BE54-9A1E7A4F7556}") = "Numr.Web.API", "NumrWeb\Numr.Web.API.csproj", "{988D62B8-A9A5-4AE4-AA0F-AD8064B4D69A}"
EndProject
Project("{2150E333-8FDC-42A3-9474-1A3956D46DE8}") = "Model", "Model", "{046FBEB9-A282-40FB-98AE-A6C6BEADC64D}"
EndProject
Project("{9A19103F-16F7-4668-BE54-9A1E7A4F7556}") = "Numr.Model.Entity", "Entity\Numr.Model.Entity.csproj", "{9EDB8F6A-E5EA-4FD6-841E-F9159F3BE492}"
EndProject
Project("{9A19103F-16F7-4668-BE54-9A1E7A4F7556}") = "Numr.Model.DTO", "Numr.Model.DTO\Numr.Model.DTO.csproj", "{20DD4A4B-D791-4A49-B8DA-2F0C89EB4E14}"
EndProject
Project("{9A19103F-16F7-4668-BE54-9A1E7A4F7556}") = "Numr.Model.SearchCriteria", "Numr.Model.SearchCriteria\Numr.Model.SearchCriteria.csproj", "{AA905433-1039-42A0-8DA2-B80D84E5E248}"
EndProject
Project("{2150E333-8FDC-42A3-9474-1A3956D46DE8}") = "Business", "Business", "{0AF648E6-503A-4711-B8DE-3BBE17C4BEC3}"
EndProject
Project("{2150E333-8FDC-42A3-9474-1A3956D46DE8}") = "Data", "Data", "{638281F5-8DF6-4FD2-8A95-09C247228DEA}"
EndProject
Project("{2150E333-8FDC-42A3-9474-1A3956D46DE8}") = "Web", "Web", "{716428DE-9D2D-46C6-8133-3C74136B00A4}"
EndProject
Project("{9A19103F-16F7-4668-BE54-9A1E7A4F7556}") = "Numr.Web", "Numr.Client.Web\Numr.Web.csproj", "{3CA1DDC1-E596-47E2-A729-A26C9EFDBF44}"
EndProject
Project("{9A19103F-16F7-4668-BE54-9A1E7A4F7556}") = "Numr.Business.Service", "Numr.Business.Service\Numr.Business.Service.csproj", "{F7ADE1E7-1BD1-4030-8E32-CC01C8E2F331}"
EndProject
Project("{9A19103F-16F7-4668-BE54-9A1E7A4F7556}") = "Numr.Data", "Numr.Data\Numr.Data.csproj", "{8C407EA3-7A6E-490A-BF12-6188B63D3E70}"
EndProject
Project("{9A19103F-16F7-4668-BE54-9A1E7A4F7556}") = "Numr.Data.Contracts", "Numr.Data.Contracts\Numr.Data.Contracts.csproj", "{D5809E55-F7EE-456A-8CCE-C28B624678F4}"
EndProject
Project("{FAE04EC0-301F-11D3-BF4B-00C04F79EFBC}") = "Numr.Business.Contracts", "Numr.Business.Contracts\Numr.Business.Contracts.csproj", "{FAF5490D-B41A-4A00-8FED-7E180BB8A1CA}"
EndProject
Global
	GlobalSection(SolutionConfigurationPlatforms) = preSolution
		Debug|Any CPU = Debug|Any CPU
		Release|Any CPU = Release|Any CPU
	EndGlobalSection
	GlobalSection(ProjectConfigurationPlatforms) = postSolution
		{988D62B8-A9A5-4AE4-AA0F-AD8064B4D69A}.Debug|Any CPU.ActiveCfg = Debug|Any CPU
		{988D62B8-A9A5-4AE4-AA0F-AD8064B4D69A}.Debug|Any CPU.Build.0 = Debug|Any CPU
		{988D62B8-A9A5-4AE4-AA0F-AD8064B4D69A}.Release|Any CPU.ActiveCfg = Release|Any CPU
		{988D62B8-A9A5-4AE4-AA0F-AD8064B4D69A}.Release|Any CPU.Build.0 = Release|Any CPU
		{9EDB8F6A-E5EA-4FD6-841E-F9159F3BE492}.Debug|Any CPU.ActiveCfg = Debug|Any CPU
		{9EDB8F6A-E5EA-4FD6-841E-F9159F3BE492}.Debug|Any CPU.Build.0 = Debug|Any CPU
		{9EDB8F6A-E5EA-4FD6-841E-F9159F3BE492}.Release|Any CPU.ActiveCfg = Release|Any CPU
		{9EDB8F6A-E5EA-4FD6-841E-F9159F3BE492}.Release|Any CPU.Build.0 = Release|Any CPU
		{20DD4A4B-D791-4A49-B8DA-2F0C89EB4E14}.Debug|Any CPU.ActiveCfg = Debug|Any CPU
		{20DD4A4B-D791-4A49-B8DA-2F0C89EB4E14}.Debug|Any CPU.Build.0 = Debug|Any CPU
		{20DD4A4B-D791-4A49-B8DA-2F0C89EB4E14}.Release|Any CPU.ActiveCfg = Release|Any CPU
		{20DD4A4B-D791-4A49-B8DA-2F0C89EB4E14}.Release|Any CPU.Build.0 = Release|Any CPU
		{AA905433-1039-42A0-8DA2-B80D84E5E248}.Debug|Any CPU.ActiveCfg = Debug|Any CPU
		{AA905433-1039-42A0-8DA2-B80D84E5E248}.Debug|Any CPU.Build.0 = Debug|Any CPU
		{AA905433-1039-42A0-8DA2-B80D84E5E248}.Release|Any CPU.ActiveCfg = Release|Any CPU
		{AA905433-1039-42A0-8DA2-B80D84E5E248}.Release|Any CPU.Build.0 = Release|Any CPU
		{3CA1DDC1-E596-47E2-A729-A26C9EFDBF44}.Debug|Any CPU.ActiveCfg = Debug|Any CPU
		{3CA1DDC1-E596-47E2-A729-A26C9EFDBF44}.Debug|Any CPU.Build.0 = Debug|Any CPU
		{3CA1DDC1-E596-47E2-A729-A26C9EFDBF44}.Release|Any CPU.ActiveCfg = Release|Any CPU
		{3CA1DDC1-E596-47E2-A729-A26C9EFDBF44}.Release|Any CPU.Build.0 = Release|Any CPU
		{F7ADE1E7-1BD1-4030-8E32-CC01C8E2F331}.Debug|Any CPU.ActiveCfg = Debug|Any CPU
		{F7ADE1E7-1BD1-4030-8E32-CC01C8E2F331}.Debug|Any CPU.Build.0 = Debug|Any CPU
		{F7ADE1E7-1BD1-4030-8E32-CC01C8E2F331}.Release|Any CPU.ActiveCfg = Release|Any CPU
		{F7ADE1E7-1BD1-4030-8E32-CC01C8E2F331}.Release|Any CPU.Build.0 = Release|Any CPU
		{8C407EA3-7A6E-490A-BF12-6188B63D3E70}.Debug|Any CPU.ActiveCfg = Debug|Any CPU
		{8C407EA3-7A6E-490A-BF12-6188B63D3E70}.Debug|Any CPU.Build.0 = Debug|Any CPU
		{8C407EA3-7A6E-490A-BF12-6188B63D3E70}.Release|Any CPU.ActiveCfg = Release|Any CPU
		{8C407EA3-7A6E-490A-BF12-6188B63D3E70}.Release|Any CPU.Build.0 = Release|Any CPU
		{D5809E55-F7EE-456A-8CCE-C28B624678F4}.Debug|Any CPU.ActiveCfg = Debug|Any CPU
		{D5809E55-F7EE-456A-8CCE-C28B624678F4}.Debug|Any CPU.Build.0 = Debug|Any CPU
		{D5809E55-F7EE-456A-8CCE-C28B624678F4}.Release|Any CPU.ActiveCfg = Release|Any CPU
		{D5809E55-F7EE-456A-8CCE-C28B624678F4}.Release|Any CPU.Build.0 = Release|Any CPU
		{FAF5490D-B41A-4A00-8FED-7E180BB8A1CA}.Debug|Any CPU.ActiveCfg = Debug|Any CPU
		{FAF5490D-B41A-4A00-8FED-7E180BB8A1CA}.Debug|Any CPU.Build.0 = Debug|Any CPU
		{FAF5490D-B41A-4A00-8FED-7E180BB8A1CA}.Release|Any CPU.ActiveCfg = Release|Any CPU
		{FAF5490D-B41A-4A00-8FED-7E180BB8A1CA}.Release|Any CPU.Build.0 = Release|Any CPU
	EndGlobalSection
	GlobalSection(SolutionProperties) = preSolution
		HideSolutionNode = FALSE
	EndGlobalSection
	GlobalSection(NestedProjects) = preSolution
		{988D62B8-A9A5-4AE4-AA0F-AD8064B4D69A} = {716428DE-9D2D-46C6-8133-3C74136B00A4}
		{9EDB8F6A-E5EA-4FD6-841E-F9159F3BE492} = {046FBEB9-A282-40FB-98AE-A6C6BEADC64D}
		{20DD4A4B-D791-4A49-B8DA-2F0C89EB4E14} = {046FBEB9-A282-40FB-98AE-A6C6BEADC64D}
		{AA905433-1039-42A0-8DA2-B80D84E5E248} = {046FBEB9-A282-40FB-98AE-A6C6BEADC64D}
		{3CA1DDC1-E596-47E2-A729-A26C9EFDBF44} = {716428DE-9D2D-46C6-8133-3C74136B00A4}
		{F7ADE1E7-1BD1-4030-8E32-CC01C8E2F331} = {0AF648E6-503A-4711-B8DE-3BBE17C4BEC3}
		{8C407EA3-7A6E-490A-BF12-6188B63D3E70} = {638281F5-8DF6-4FD2-8A95-09C247228DEA}
		{D5809E55-F7EE-456A-8CCE-C28B624678F4} = {638281F5-8DF6-4FD2-8A95-09C247228DEA}
		{FAF5490D-B41A-4A00-8FED-7E180BB8A1CA} = {0AF648E6-503A-4711-B8DE-3BBE17C4BEC3}
	EndGlobalSection
	GlobalSection(ExtensibilityGlobals) = postSolution
		SolutionGuid = {4B42C0BC-620F-474D-81B1-28614BB84298}
	EndGlobalSection
EndGlobal
